
Microsoft Visual Studio Solution File, Format Version 12.00
# Visual Studio Version 17
VisualStudioVersion = 17.4.33205.214
MinimumVisualStudioVersion = 10.0.40219.1
Project("{2150E333-8FDC-42A3-9474-1A3956D46DE8}") = "src", "src", "{0E12E557-0F2C-41C5-AA75-395F239C4273}"
EndProject
Project("{2150E333-8FDC-42A3-9474-1A3956D46DE8}") = "Api", "Api", "{2F196957-0FCF-4A9F-AFF6-80733D39E291}"
EndProject
Project("{2150E333-8FDC-42A3-9474-1A3956D46DE8}") = "Clients", "Clients", "{A586E46A-345B-4E95-9BEE-C716CBF77EDE}"
EndProject
Project("{2150E333-8FDC-42A3-9474-1A3956D46DE8}") = "Common", "Common", "{1177A3F2-AC2E-4FFE-89AA-59AA229FAA00}"
EndProject
Project("{2150E333-8FDC-42A3-9474-1A3956D46DE8}") = "Projections", "Projections", "{82AE2D7D-1B6C-4A7B-89A9-936376B040AC}"
EndProject
Project("{2150E333-8FDC-42A3-9474-1A3956D46DE8}") = "Core", "Core", "{78A3E335-F837-4DBE-9281-54EE1E09A400}"
EndProject
Project("{2150E333-8FDC-42A3-9474-1A3956D46DE8}") = "Infrastructure", "Infrastructure", "{2A5D1BB6-5B23-4E2F-9BA5-F4AA91FA8609}"
EndProject
Project("{2150E333-8FDC-42A3-9474-1A3956D46DE8}") = "WebApi", "WebApi", "{261AD6CB-7D4D-4111-B3C4-468EF577E54E}"
EndProject
Project("{2150E333-8FDC-42A3-9474-1A3956D46DE8}") = "BlazorWeb", "BlazorWeb", "{9485CF29-2FB0-40CB-8C3A-59731E5C7AB1}"
EndProject
Project("{FAE04EC0-301F-11D3-BF4B-00C04F79EFBC}") = "BlazorSozluk.Common", "src\Common\BlazorSozluk.Common\BlazorSozluk.Common.csproj", "{3DDBB030-1DB0-4090-85DF-C8E851AFB536}"
EndProject
Project("{FAE04EC0-301F-11D3-BF4B-00C04F79EFBC}") = "BlazorSozluk.Api.Domain", "src\Api\Core\BlazorSozluk.Api.Domain\BlazorSozluk.Api.Domain.csproj", "{B41E81D4-B95D-4ABB-8566-D7392FF3D8DC}"
EndProject
Project("{FAE04EC0-301F-11D3-BF4B-00C04F79EFBC}") = "BlazorSozluk.Api.Application", "src\Api\Core\BlazorSozluk.Api.Application\BlazorSozluk.Api.Application.csproj", "{4DDCDD0D-9369-4A0B-B934-A64C1966E14C}"
EndProject
Project("{FAE04EC0-301F-11D3-BF4B-00C04F79EFBC}") = "BlazorSozluk.Infrastructure.Persistance", "src\Api\Infrastructure\BlazorSozluk.Infrastructure.Persistance\BlazorSozluk.Infrastructure.Persistance.csproj", "{274E73D5-23CB-48BF-A830-DF0C389F8552}"
EndProject
Project("{FAE04EC0-301F-11D3-BF4B-00C04F79EFBC}") = "BlazorSozluk.Api.WebApi", "src\Api\WebApi\BlazorSozluk.Api.WebApi\BlazorSozluk.Api.WebApi.csproj", "{283E3879-DC7C-47E9-980D-9F44E982B246}"
EndProject
Project("{FAE04EC0-301F-11D3-BF4B-00C04F79EFBC}") = "BlazorSozluk.Projections.FavoriteService", "src\Projections\BlazorSozluk.Projections.FavoriteService\BlazorSozluk.Projections.FavoriteService.csproj", "{C92F53FE-543C-4C6C-9B9A-F010289AB974}"
EndProject
Project("{FAE04EC0-301F-11D3-BF4B-00C04F79EFBC}") = "BlazorSozluk.Projections.VoteService", "src\Projections\BlazorSozluk.Projections.VoteService\BlazorSozluk.Projections.VoteService.csproj", "{09961FF4-5F9D-4888-9E89-3E24A9EF459D}"
EndProject
Project("{FAE04EC0-301F-11D3-BF4B-00C04F79EFBC}") = "BlazorSozluk.Projections.UserService", "src\Projections\BlazorSozluk.Projections.UserService\BlazorSozluk.Projections.UserService.csproj", "{94422CD2-2BD1-413B-BD4E-A10E96FD8A04}"
EndProject
Project("{FAE04EC0-301F-11D3-BF4B-00C04F79EFBC}") = "BlazorSozluk.WebApp", "src\Clients\BlazorWeb\BlazorSozluk.WebApp\BlazorSozluk.WebApp.csproj", "{36C63D7F-1F3B-429E-B89C-52D159798695}"
EndProject
Global
	GlobalSection(SolutionConfigurationPlatforms) = preSolution
		Debug|Any CPU = Debug|Any CPU
		Release|Any CPU = Release|Any CPU
	EndGlobalSection
	GlobalSection(ProjectConfigurationPlatforms) = postSolution
		{3DDBB030-1DB0-4090-85DF-C8E851AFB536}.Debug|Any CPU.ActiveCfg = Debug|Any CPU
		{3DDBB030-1DB0-4090-85DF-C8E851AFB536}.Debug|Any CPU.Build.0 = Debug|Any CPU
		{3DDBB030-1DB0-4090-85DF-C8E851AFB536}.Release|Any CPU.ActiveCfg = Release|Any CPU
		{3DDBB030-1DB0-4090-85DF-C8E851AFB536}.Release|Any CPU.Build.0 = Release|Any CPU
		{B41E81D4-B95D-4ABB-8566-D7392FF3D8DC}.Debug|Any CPU.ActiveCfg = Debug|Any CPU
		{B41E81D4-B95D-4ABB-8566-D7392FF3D8DC}.Debug|Any CPU.Build.0 = Debug|Any CPU
		{B41E81D4-B95D-4ABB-8566-D7392FF3D8DC}.Release|Any CPU.ActiveCfg = Release|Any CPU
		{B41E81D4-B95D-4ABB-8566-D7392FF3D8DC}.Release|Any CPU.Build.0 = Release|Any CPU
		{4DDCDD0D-9369-4A0B-B934-A64C1966E14C}.Debug|Any CPU.ActiveCfg = Debug|Any CPU
		{4DDCDD0D-9369-4A0B-B934-A64C1966E14C}.Debug|Any CPU.Build.0 = Debug|Any CPU
		{4DDCDD0D-9369-4A0B-B934-A64C1966E14C}.Release|Any CPU.ActiveCfg = Release|Any CPU
		{4DDCDD0D-9369-4A0B-B934-A64C1966E14C}.Release|Any CPU.Build.0 = Release|Any CPU
		{274E73D5-23CB-48BF-A830-DF0C389F8552}.Debug|Any CPU.ActiveCfg = Debug|Any CPU
		{274E73D5-23CB-48BF-A830-DF0C389F8552}.Debug|Any CPU.Build.0 = Debug|Any CPU
		{274E73D5-23CB-48BF-A830-DF0C389F8552}.Release|Any CPU.ActiveCfg = Release|Any CPU
		{274E73D5-23CB-48BF-A830-DF0C389F8552}.Release|Any CPU.Build.0 = Release|Any CPU
		{283E3879-DC7C-47E9-980D-9F44E982B246}.Debug|Any CPU.ActiveCfg = Debug|Any CPU
		{283E3879-DC7C-47E9-980D-9F44E982B246}.Debug|Any CPU.Build.0 = Debug|Any CPU
		{283E3879-DC7C-47E9-980D-9F44E982B246}.Release|Any CPU.ActiveCfg = Release|Any CPU
		{283E3879-DC7C-47E9-980D-9F44E982B246}.Release|Any CPU.Build.0 = Release|Any CPU
		{C92F53FE-543C-4C6C-9B9A-F010289AB974}.Debug|Any CPU.ActiveCfg = Debug|Any CPU
		{C92F53FE-543C-4C6C-9B9A-F010289AB974}.Debug|Any CPU.Build.0 = Debug|Any CPU
		{C92F53FE-543C-4C6C-9B9A-F010289AB974}.Release|Any CPU.ActiveCfg = Release|Any CPU
		{C92F53FE-543C-4C6C-9B9A-F010289AB974}.Release|Any CPU.Build.0 = Release|Any CPU
		{09961FF4-5F9D-4888-9E89-3E24A9EF459D}.Debug|Any CPU.ActiveCfg = Debug|Any CPU
		{09961FF4-5F9D-4888-9E89-3E24A9EF459D}.Debug|Any CPU.Build.0 = Debug|Any CPU
		{09961FF4-5F9D-4888-9E89-3E24A9EF459D}.Release|Any CPU.ActiveCfg = Release|Any CPU
		{09961FF4-5F9D-4888-9E89-3E24A9EF459D}.Release|Any CPU.Build.0 = Release|Any CPU
		{94422CD2-2BD1-413B-BD4E-A10E96FD8A04}.Debug|Any CPU.ActiveCfg = Debug|Any CPU
		{94422CD2-2BD1-413B-BD4E-A10E96FD8A04}.Debug|Any CPU.Build.0 = Debug|Any CPU
		{94422CD2-2BD1-413B-BD4E-A10E96FD8A04}.Release|Any CPU.ActiveCfg = Release|Any CPU
		{94422CD2-2BD1-413B-BD4E-A10E96FD8A04}.Release|Any CPU.Build.0 = Release|Any CPU
		{36C63D7F-1F3B-429E-B89C-52D159798695}.Debug|Any CPU.ActiveCfg = Debug|Any CPU
		{36C63D7F-1F3B-429E-B89C-52D159798695}.Debug|Any CPU.Build.0 = Debug|Any CPU
		{36C63D7F-1F3B-429E-B89C-52D159798695}.Release|Any CPU.ActiveCfg = Release|Any CPU
		{36C63D7F-1F3B-429E-B89C-52D159798695}.Release|Any CPU.Build.0 = Release|Any CPU
	EndGlobalSection
	GlobalSection(SolutionProperties) = preSolution
		HideSolutionNode = FALSE
	EndGlobalSection
	GlobalSection(NestedProjects) = preSolution
		{2F196957-0FCF-4A9F-AFF6-80733D39E291} = {0E12E557-0F2C-41C5-AA75-395F239C4273}
		{A586E46A-345B-4E95-9BEE-C716CBF77EDE} = {0E12E557-0F2C-41C5-AA75-395F239C4273}
		{1177A3F2-AC2E-4FFE-89AA-59AA229FAA00} = {0E12E557-0F2C-41C5-AA75-395F239C4273}
		{82AE2D7D-1B6C-4A7B-89A9-936376B040AC} = {0E12E557-0F2C-41C5-AA75-395F239C4273}
		{78A3E335-F837-4DBE-9281-54EE1E09A400} = {2F196957-0FCF-4A9F-AFF6-80733D39E291}
		{2A5D1BB6-5B23-4E2F-9BA5-F4AA91FA8609} = {2F196957-0FCF-4A9F-AFF6-80733D39E291}
		{261AD6CB-7D4D-4111-B3C4-468EF577E54E} = {2F196957-0FCF-4A9F-AFF6-80733D39E291}
		{9485CF29-2FB0-40CB-8C3A-59731E5C7AB1} = {A586E46A-345B-4E95-9BEE-C716CBF77EDE}
		{3DDBB030-1DB0-4090-85DF-C8E851AFB536} = {1177A3F2-AC2E-4FFE-89AA-59AA229FAA00}
		{B41E81D4-B95D-4ABB-8566-D7392FF3D8DC} = {78A3E335-F837-4DBE-9281-54EE1E09A400}
		{4DDCDD0D-9369-4A0B-B934-A64C1966E14C} = {78A3E335-F837-4DBE-9281-54EE1E09A400}
		{274E73D5-23CB-48BF-A830-DF0C389F8552} = {2A5D1BB6-5B23-4E2F-9BA5-F4AA91FA8609}
		{283E3879-DC7C-47E9-980D-9F44E982B246} = {261AD6CB-7D4D-4111-B3C4-468EF577E54E}
		{C92F53FE-543C-4C6C-9B9A-F010289AB974} = {82AE2D7D-1B6C-4A7B-89A9-936376B040AC}
		{09961FF4-5F9D-4888-9E89-3E24A9EF459D} = {82AE2D7D-1B6C-4A7B-89A9-936376B040AC}
		{94422CD2-2BD1-413B-BD4E-A10E96FD8A04} = {82AE2D7D-1B6C-4A7B-89A9-936376B040AC}
		{36C63D7F-1F3B-429E-B89C-52D159798695} = {9485CF29-2FB0-40CB-8C3A-59731E5C7AB1}
	EndGlobalSection
	GlobalSection(ExtensibilityGlobals) = postSolution
		SolutionGuid = {1C0C853B-D089-4BF9-82D4-C47603C2B5B5}
	EndGlobalSection
EndGlobal
